
Microsoft Visual Studio Solution File, Format Version 12.00
# Visual Studio Version 17
VisualStudioVersion = 17.3.32825.248
MinimumVisualStudioVersion = 10.0.40219.1
Project("{FAE04EC0-301F-11D3-BF4B-00C04F79EFBC}") = "Datastructures22", "Datastructures22\Datastructures22.csproj", "{2A6E83CE-3C17-4456-AC38-E6020B000254}"
EndProject
Global
	GlobalSection(SolutionConfigurationPlatforms) = preSolution
		Debug|Any CPU = Debug|Any CPU
		Release|Any CPU = Release|Any CPU
	EndGlobalSection
	GlobalSection(ProjectConfigurationPlatforms) = postSolution
		{2A6E83CE-3C17-4456-AC38-E6020B000254}.Debug|Any CPU.ActiveCfg = Debug|Any CPU
		{2A6E83CE-3C17-4456-AC38-E6020B000254}.Debug|Any CPU.Build.0 = Debug|Any CPU
		{2A6E83CE-3C17-4456-AC38-E6020B000254}.Release|Any CPU.ActiveCfg = Release|Any CPU
		{2A6E83CE-3C17-4456-AC38-E6020B000254}.Release|Any CPU.Build.0 = Release|Any CPU
	EndGlobalSection
	GlobalSection(SolutionProperties) = preSolution
		HideSolutionNode = FALSE
	EndGlobalSection
	GlobalSection(ExtensibilityGlobals) = postSolution
		SolutionGuid = {0AE35D44-5DED-46ED-95BD-E443219B25EE}
	EndGlobalSection
EndGlobal
